// !$*UTF8*$!
{
	archiveVersion = 1;
	classes = {
	};
	objectVersion = 54;
	objects = {

/* Begin PBXBuildFile section */
		009983164C57421FB17687F5 /* exploreTiger.png in Resources */ = {isa = PBXBuildFile; fileRef = 4B3B539284E74BEFA5BD698E /* exploreTiger.png */; };
		00E356F31AD99517003FC87E /* MPTappTests.m in Sources */ = {isa = PBXBuildFile; fileRef = 00E356F21AD99517003FC87E /* MPTappTests.m */; };
		016A25FF69C1423ABEA8C695 /* MPTlogo.png in Resources */ = {isa = PBXBuildFile; fileRef = 95158AE53EB64695A3C25DD7 /* MPTlogo.png */; };
		0C80B921A6F3F58F76C31292 /* libPods-MPTapp.a in Frameworks */ = {isa = PBXBuildFile; fileRef = 5DCACB8F33CDC322A6C60F78 /* libPods-MPTapp.a */; };
		13B07FBC1A68108700A75B9A /* AppDelegate.mm in Sources */ = {isa = PBXBuildFile; fileRef = 13B07FB01A68108700A75B9A /* AppDelegate.mm */; };
		13B07FBF1A68108700A75B9A /* Images.xcassets in Resources */ = {isa = PBXBuildFile; fileRef = 13B07FB51A68108700A75B9A /* Images.xcassets */; };
		13B07FC11A68108700A75B9A /* main.m in Sources */ = {isa = PBXBuildFile; fileRef = 13B07FB71A68108700A75B9A /* main.m */; };
		1B8923670CB6461B8569C9B8 /* tiger.png in Resources */ = {isa = PBXBuildFile; fileRef = A5AB19DA72BA47F9B0DF7CC0 /* tiger.png */; };
		294AA6E6C9094B28AFE53B21 /* Pachmarhi.png in Resources */ = {isa = PBXBuildFile; fileRef = 62BEF39C66E4497092E616D3 /* Pachmarhi.png */; };
		2A3A32A649934C2D9008E8D7 /* story.jpg in Resources */ = {isa = PBXBuildFile; fileRef = E6E9677ECAF74D3A871AC952 /* story.jpg */; };
		2D6D9179580F4D1A9A21873A /* contact.jpg in Resources */ = {isa = PBXBuildFile; fileRef = F3EFE2EACE184842836B1DCB /* contact.jpg */; };
		2F61BEB945404EA7A1D781A8 /* popular.jpeg in Resources */ = {isa = PBXBuildFile; fileRef = 1497BB3324C74684B3BC385B /* popular.jpeg */; };
		306044E780C84F61AFBF722C /* explore.png in Resources */ = {isa = PBXBuildFile; fileRef = 424569D1FA9345019B91473C /* explore.png */; };
		346EF1B04E4540B6B42D60AD /* G20theme.png in Resources */ = {isa = PBXBuildFile; fileRef = 12BE73700C1E4F8E8AF6179C /* G20theme.png */; };
		3DAAC6508AC742CF89797607 /* wfive.png in Resources */ = {isa = PBXBuildFile; fileRef = 8209A10F45C647B8A3E82EFD /* wfive.png */; };
		48B04E7961D245CA9784B0AB /* wildLife.png in Resources */ = {isa = PBXBuildFile; fileRef = D4E3EA8F98E94D00BA32C493 /* wildLife.png */; };
		49F82E38048D45BB964592CD /* tigerExplore.png in Resources */ = {isa = PBXBuildFile; fileRef = AAF099D308B048ABBF60D693 /* tigerExplore.png */; };
		4C344CE2D89C45EA8D850652 /* heritage.png in Resources */ = {isa = PBXBuildFile; fileRef = F9D06A464DE64C32B6A1B0EC /* heritage.png */; };
		503CFEADCAAB4E6F9EDA38AA /* deer.png in Resources */ = {isa = PBXBuildFile; fileRef = 50A0C8D9B99343BD839E16EF /* deer.png */; };
		5103856AB8414D768E094D8D /* adventure.png in Resources */ = {isa = PBXBuildFile; fileRef = 83CB19B6CA314FCA98CAF417 /* adventure.png */; };
		5995C701F34B4F14A5C3D667 /* fort.png in Resources */ = {isa = PBXBuildFile; fileRef = 7E9118DA86E54D2CA0D8CCB8 /* fort.png */; };
		5B0A5A29922C452D88113248 /* sqicon.png in Resources */ = {isa = PBXBuildFile; fileRef = 2B9E766ADF5240E9AFE37589 /* sqicon.png */; };
		5DE20EE28844464FA554386F /* wellnesstwo.png in Resources */ = {isa = PBXBuildFile; fileRef = 5A4F6CAFADAE4E28B9B8461B /* wellnesstwo.png */; };
		62F0C87DC54A49B3B66A0D0F /* temple.png in Resources */ = {isa = PBXBuildFile; fileRef = B48832EA0A73405B93605810 /* temple.png */; };
		62FC66CA8213483D8CE0A05A /* package.jpeg in Resources */ = {isa = PBXBuildFile; fileRef = B7E13A6F133B4AB8A753A4E3 /* package.jpeg */; };
		68D832627EFA4FDDA9865589 /* ujjan.jpeg in Resources */ = {isa = PBXBuildFile; fileRef = 40F2EFF48B9547809CBFFE26 /* ujjan.jpeg */; };
		713B03F77A9F4AA3ADD43971 /* micethree.jpg in Resources */ = {isa = PBXBuildFile; fileRef = 4EB6344F52E348C1941CAFE3 /* micethree.jpg */; };
		7699B88040F8A987B510C191 /* libPods-MPTapp-MPTappTests.a in Frameworks */ = {isa = PBXBuildFile; fileRef = 19F6CBCC0A4E27FBF8BF4A61 /* libPods-MPTapp-MPTappTests.a */; };
		76D45A4DA987483292AE9CD2 /* Khajuraho.png in Resources */ = {isa = PBXBuildFile; fileRef = 31F9534ED3394E54A7F2B99F /* Khajuraho.png */; };
		77691DBCF5E945A2BA8677F0 /* G20theme (1).png in Resources */ = {isa = PBXBuildFile; fileRef = DBB1D17F6A5B4FE8802745E7 /* G20theme (1).png */; };
		7BB2EF5BC43046B38C5755ED /* explore1.png in Resources */ = {isa = PBXBuildFile; fileRef = E796BC60265C4713B92D7AA3 /* explore1.png */; };
		7D199C355955460FA473C584 /* Wellness.jpg in Resources */ = {isa = PBXBuildFile; fileRef = F86C44D359A64EB8A82B76F7 /* Wellness.jpg */; };
		81AB9BB82411601600AC10FF /* LaunchScreen.storyboard in Resources */ = {isa = PBXBuildFile; fileRef = 81AB9BB72411601600AC10FF /* LaunchScreen.storyboard */; };
		8204CDDCC4D84CD3A6890D45 /* food.png in Resources */ = {isa = PBXBuildFile; fileRef = 99D8B23F6C3B4E4D8DFF010D /* food.png */; };
		8374304D04174D3DA1C37830 /* owl.png in Resources */ = {isa = PBXBuildFile; fileRef = 2082626954C141C4A68E4D0B /* owl.png */; };
		83C05BCFF2ED40A4903562ED /* riverQuila.jpeg in Resources */ = {isa = PBXBuildFile; fileRef = 877B124FB91646FA9655D220 /* riverQuila.jpeg */; };
		899EC44C39964F2A83449B63 /* tiger3.png in Resources */ = {isa = PBXBuildFile; fileRef = 43AB1E563188473BB8BF3653 /* tiger3.png */; };
		8C81F05D49C8470B8DFBAD68 /* explore2.png in Resources */ = {isa = PBXBuildFile; fileRef = ECB315FC97D34641B9568BAC /* explore2.png */; };
		92BBA676509249EFA3A56F02 /* wthree.png in Resources */ = {isa = PBXBuildFile; fileRef = 80D953FA8DE240A0B1B94EA2 /* wthree.png */; };
		9BC5690DABE94613B8069E27 /* images.jpeg in Resources */ = {isa = PBXBuildFile; fileRef = 6F10B97C1812471E8B263AF3 /* images.jpeg */; };
		A08872D345B84A99BFACC3E1 /* covid.jpg in Resources */ = {isa = PBXBuildFile; fileRef = B21C6C6BD95B4D42909D2B47 /* covid.jpg */; };
		A5182DFAEF1345579BF4EB93 /* weight.png in Resources */ = {isa = PBXBuildFile; fileRef = D0F9D028E6CB442F91AD6097 /* weight.png */; };
		A83FB7B1295446BD88CF91BA /* budhYatra.png in Resources */ = {isa = PBXBuildFile; fileRef = F90A7AA5116E468DA38C8CCB /* budhYatra.png */; };
		ACAE3B3F9F7546ABAE9FE38C /* wsix.png in Resources */ = {isa = PBXBuildFile; fileRef = 338F4D494EDA42AB880DC481 /* wsix.png */; };
		AD626E292F3C4F1FB9E43B89 /* micetwo.jpg in Resources */ = {isa = PBXBuildFile; fileRef = 9349D9CDEC84400FBA214AEE /* micetwo.jpg */; };
		AE5FBCE424314E0D950FF54C /* contact2.jpeg in Resources */ = {isa = PBXBuildFile; fileRef = 7F9F21B27C5E41E7AE0660D4 /* contact2.jpeg */; };
		B0EA26DD071F4C099230C10E /* caravan.png in Resources */ = {isa = PBXBuildFile; fileRef = 0A34B3CE64624493A042AEC6 /* caravan.png */; };
		B4540F3BE15D49FD830F48B2 /* unexplored.jpg in Resources */ = {isa = PBXBuildFile; fileRef = 712869EE96C741449FA83E42 /* unexplored.jpg */; };
		B7F0146687994D21B9EF11EA /* Youth-Brush-Daylight.otf in Resources */ = {isa = PBXBuildFile; fileRef = BFDEA15116664EEB8C52E40B /* Youth-Brush-Daylight.otf */; };
		BF09FF1E9E5741C593A462B8 /* micefour.png in Resources */ = {isa = PBXBuildFile; fileRef = 4B59D3D09F2F49D2BAF582D6 /* micefour.png */; };
		C34575163DD74D519A5FAE8F /* Mp.png in Resources */ = {isa = PBXBuildFile; fileRef = CCD40996A42D4BDA9940E0A7 /* Mp.png */; };
		CA60F150101747EC872EF6A6 /* destination.jpg in Resources */ = {isa = PBXBuildFile; fileRef = 4879E31CEDD149AF977010A8 /* destination.jpg */; };
		CDCA3D78CE6F4E7D92E96E47 /* contact3.jpeg in Resources */ = {isa = PBXBuildFile; fileRef = 566DAD7968724424A2E0FE67 /* contact3.jpeg */; };
		D49DBC79A6964A60A5C15674 /* explore4.png in Resources */ = {isa = PBXBuildFile; fileRef = B0CE4512B7294DC191C925AB /* explore4.png */; };
		DDE207F3F0AA44D68125A498 /* wseven.png in Resources */ = {isa = PBXBuildFile; fileRef = 81C77EB71BEB4AC6A191D068 /* wseven.png */; };
		DF58BC67DD16481099CF23F9 /* wfour.png in Resources */ = {isa = PBXBuildFile; fileRef = B4DC36CCEDBA4B8F8C4A3146 /* wfour.png */; };
		E874AD9BA01A4503AD6A2621 /* attractions.jpg in Resources */ = {isa = PBXBuildFile; fileRef = 5961D2B4EBCB4AF1B6A4C5F7 /* attractions.jpg */; };
		EA1D87664BC34EAB85292883 /* explore3.png in Resources */ = {isa = PBXBuildFile; fileRef = C541BDF842254EDA8B9C6E03 /* explore3.png */; };
		F0AFF94A80744A18AF1C68E4 /* img4.jpeg in Resources */ = {isa = PBXBuildFile; fileRef = 1D8137493D9444AAAC4A8B2E /* img4.jpeg */; };
/* End PBXBuildFile section */

/* Begin PBXContainerItemProxy section */
		00E356F41AD99517003FC87E /* PBXContainerItemProxy */ = {
			isa = PBXContainerItemProxy;
			containerPortal = 83CBB9F71A601CBA00E9B192 /* Project object */;
			proxyType = 1;
			remoteGlobalIDString = 13B07F861A680F5B00A75B9A;
			remoteInfo = MPTapp;
		};
/* End PBXContainerItemProxy section */

/* Begin PBXFileReference section */
		00E356EE1AD99517003FC87E /* MPTappTests.xctest */ = {isa = PBXFileReference; explicitFileType = wrapper.cfbundle; includeInIndex = 0; path = MPTappTests.xctest; sourceTree = BUILT_PRODUCTS_DIR; };
		00E356F11AD99517003FC87E /* Info.plist */ = {isa = PBXFileReference; lastKnownFileType = text.plist.xml; path = Info.plist; sourceTree = "<group>"; };
		00E356F21AD99517003FC87E /* MPTappTests.m */ = {isa = PBXFileReference; lastKnownFileType = sourcecode.c.objc; path = MPTappTests.m; sourceTree = "<group>"; };
		0A34B3CE64624493A042AEC6 /* caravan.png */ = {isa = PBXFileReference; explicitFileType = undefined; fileEncoding = undefined; includeInIndex = 0; lastKnownFileType = unknown; name = caravan.png; path = ../src/assets/images/caravan.png; sourceTree = "<group>"; };
		12BE73700C1E4F8E8AF6179C /* G20theme.png */ = {isa = PBXFileReference; explicitFileType = undefined; fileEncoding = undefined; includeInIndex = 0; lastKnownFileType = unknown; name = G20theme.png; path = ../src/assets/images/G20theme.png; sourceTree = "<group>"; };
		13B07F961A680F5B00A75B9A /* MPTapp.app */ = {isa = PBXFileReference; explicitFileType = wrapper.application; includeInIndex = 0; path = MPTapp.app; sourceTree = BUILT_PRODUCTS_DIR; };
		13B07FAF1A68108700A75B9A /* AppDelegate.h */ = {isa = PBXFileReference; fileEncoding = 4; lastKnownFileType = sourcecode.c.h; name = AppDelegate.h; path = MPTapp/AppDelegate.h; sourceTree = "<group>"; };
		13B07FB01A68108700A75B9A /* AppDelegate.mm */ = {isa = PBXFileReference; fileEncoding = 4; lastKnownFileType = sourcecode.cpp.objcpp; name = AppDelegate.mm; path = MPTapp/AppDelegate.mm; sourceTree = "<group>"; };
		13B07FB51A68108700A75B9A /* Images.xcassets */ = {isa = PBXFileReference; lastKnownFileType = folder.assetcatalog; name = Images.xcassets; path = MPTapp/Images.xcassets; sourceTree = "<group>"; };
		13B07FB61A68108700A75B9A /* Info.plist */ = {isa = PBXFileReference; fileEncoding = 4; lastKnownFileType = text.plist.xml; name = Info.plist; path = MPTapp/Info.plist; sourceTree = "<group>"; };
		13B07FB71A68108700A75B9A /* main.m */ = {isa = PBXFileReference; fileEncoding = 4; lastKnownFileType = sourcecode.c.objc; name = main.m; path = MPTapp/main.m; sourceTree = "<group>"; };
		1497BB3324C74684B3BC385B /* popular.jpeg */ = {isa = PBXFileReference; explicitFileType = undefined; fileEncoding = undefined; includeInIndex = 0; lastKnownFileType = unknown; name = popular.jpeg; path = ../src/assets/images/popular.jpeg; sourceTree = "<group>"; };
		19F6CBCC0A4E27FBF8BF4A61 /* libPods-MPTapp-MPTappTests.a */ = {isa = PBXFileReference; explicitFileType = archive.ar; includeInIndex = 0; path = "libPods-MPTapp-MPTappTests.a"; sourceTree = BUILT_PRODUCTS_DIR; };
		1D8137493D9444AAAC4A8B2E /* img4.jpeg */ = {isa = PBXFileReference; explicitFileType = undefined; fileEncoding = undefined; includeInIndex = 0; lastKnownFileType = unknown; name = img4.jpeg; path = ../src/assets/images/img4.jpeg; sourceTree = "<group>"; };
		2082626954C141C4A68E4D0B /* owl.png */ = {isa = PBXFileReference; explicitFileType = undefined; fileEncoding = undefined; includeInIndex = 0; lastKnownFileType = unknown; name = owl.png; path = ../src/assets/images/owl.png; sourceTree = "<group>"; };
		2B9E766ADF5240E9AFE37589 /* sqicon.png */ = {isa = PBXFileReference; explicitFileType = undefined; fileEncoding = undefined; includeInIndex = 0; lastKnownFileType = unknown; name = sqicon.png; path = ../src/assets/images/sqicon.png; sourceTree = "<group>"; };
		31F9534ED3394E54A7F2B99F /* Khajuraho.png */ = {isa = PBXFileReference; explicitFileType = undefined; fileEncoding = undefined; includeInIndex = 0; lastKnownFileType = unknown; name = Khajuraho.png; path = ../src/assets/images/Khajuraho.png; sourceTree = "<group>"; };
		338F4D494EDA42AB880DC481 /* wsix.png */ = {isa = PBXFileReference; explicitFileType = undefined; fileEncoding = undefined; includeInIndex = 0; lastKnownFileType = unknown; name = wsix.png; path = ../src/assets/images/wsix.png; sourceTree = "<group>"; };
		3B4392A12AC88292D35C810B /* Pods-MPTapp.debug.xcconfig */ = {isa = PBXFileReference; includeInIndex = 1; lastKnownFileType = text.xcconfig; name = "Pods-MPTapp.debug.xcconfig"; path = "Target Support Files/Pods-MPTapp/Pods-MPTapp.debug.xcconfig"; sourceTree = "<group>"; };
		40F2EFF48B9547809CBFFE26 /* ujjan.jpeg */ = {isa = PBXFileReference; explicitFileType = undefined; fileEncoding = undefined; includeInIndex = 0; lastKnownFileType = unknown; name = ujjan.jpeg; path = ../src/assets/images/ujjan.jpeg; sourceTree = "<group>"; };
		424569D1FA9345019B91473C /* explore.png */ = {isa = PBXFileReference; explicitFileType = undefined; fileEncoding = undefined; includeInIndex = 0; lastKnownFileType = unknown; name = explore.png; path = ../src/assets/images/explore.png; sourceTree = "<group>"; };
		43AB1E563188473BB8BF3653 /* tiger3.png */ = {isa = PBXFileReference; explicitFileType = undefined; fileEncoding = undefined; includeInIndex = 0; lastKnownFileType = unknown; name = tiger3.png; path = ../src/assets/images/tiger3.png; sourceTree = "<group>"; };
		4879E31CEDD149AF977010A8 /* destination.jpg */ = {isa = PBXFileReference; explicitFileType = undefined; fileEncoding = undefined; includeInIndex = 0; lastKnownFileType = unknown; name = destination.jpg; path = ../src/assets/images/destination.jpg; sourceTree = "<group>"; };
		4B3B539284E74BEFA5BD698E /* exploreTiger.png */ = {isa = PBXFileReference; explicitFileType = undefined; fileEncoding = undefined; includeInIndex = 0; lastKnownFileType = unknown; name = exploreTiger.png; path = ../src/assets/images/exploreTiger.png; sourceTree = "<group>"; };
		4B59D3D09F2F49D2BAF582D6 /* micefour.png */ = {isa = PBXFileReference; explicitFileType = undefined; fileEncoding = undefined; includeInIndex = 0; lastKnownFileType = unknown; name = micefour.png; path = ../src/assets/images/micefour.png; sourceTree = "<group>"; };
		4EB6344F52E348C1941CAFE3 /* micethree.jpg */ = {isa = PBXFileReference; explicitFileType = undefined; fileEncoding = undefined; includeInIndex = 0; lastKnownFileType = unknown; name = micethree.jpg; path = ../src/assets/images/micethree.jpg; sourceTree = "<group>"; };
		50A0C8D9B99343BD839E16EF /* deer.png */ = {isa = PBXFileReference; explicitFileType = undefined; fileEncoding = undefined; includeInIndex = 0; lastKnownFileType = unknown; name = deer.png; path = ../src/assets/images/deer.png; sourceTree = "<group>"; };
		566DAD7968724424A2E0FE67 /* contact3.jpeg */ = {isa = PBXFileReference; explicitFileType = undefined; fileEncoding = undefined; includeInIndex = 0; lastKnownFileType = unknown; name = contact3.jpeg; path = ../src/assets/images/contact3.jpeg; sourceTree = "<group>"; };
		5709B34CF0A7D63546082F79 /* Pods-MPTapp.release.xcconfig */ = {isa = PBXFileReference; includeInIndex = 1; lastKnownFileType = text.xcconfig; name = "Pods-MPTapp.release.xcconfig"; path = "Target Support Files/Pods-MPTapp/Pods-MPTapp.release.xcconfig"; sourceTree = "<group>"; };
		5961D2B4EBCB4AF1B6A4C5F7 /* attractions.jpg */ = {isa = PBXFileReference; explicitFileType = undefined; fileEncoding = undefined; includeInIndex = 0; lastKnownFileType = unknown; name = attractions.jpg; path = ../src/assets/images/attractions.jpg; sourceTree = "<group>"; };
		5A4F6CAFADAE4E28B9B8461B /* wellnesstwo.png */ = {isa = PBXFileReference; explicitFileType = undefined; fileEncoding = undefined; includeInIndex = 0; lastKnownFileType = unknown; name = wellnesstwo.png; path = ../src/assets/images/wellnesstwo.png; sourceTree = "<group>"; };
		5B7EB9410499542E8C5724F5 /* Pods-MPTapp-MPTappTests.debug.xcconfig */ = {isa = PBXFileReference; includeInIndex = 1; lastKnownFileType = text.xcconfig; name = "Pods-MPTapp-MPTappTests.debug.xcconfig"; path = "Target Support Files/Pods-MPTapp-MPTappTests/Pods-MPTapp-MPTappTests.debug.xcconfig"; sourceTree = "<group>"; };
		5DCACB8F33CDC322A6C60F78 /* libPods-MPTapp.a */ = {isa = PBXFileReference; explicitFileType = archive.ar; includeInIndex = 0; path = "libPods-MPTapp.a"; sourceTree = BUILT_PRODUCTS_DIR; };
		62BEF39C66E4497092E616D3 /* Pachmarhi.png */ = {isa = PBXFileReference; explicitFileType = undefined; fileEncoding = undefined; includeInIndex = 0; lastKnownFileType = unknown; name = Pachmarhi.png; path = ../src/assets/images/Pachmarhi.png; sourceTree = "<group>"; };
		6F10B97C1812471E8B263AF3 /* images.jpeg */ = {isa = PBXFileReference; explicitFileType = undefined; fileEncoding = undefined; includeInIndex = 0; lastKnownFileType = unknown; name = images.jpeg; path = ../src/assets/images/images.jpeg; sourceTree = "<group>"; };
		712869EE96C741449FA83E42 /* unexplored.jpg */ = {isa = PBXFileReference; explicitFileType = undefined; fileEncoding = undefined; includeInIndex = 0; lastKnownFileType = unknown; name = unexplored.jpg; path = ../src/assets/images/unexplored.jpg; sourceTree = "<group>"; };
		7E9118DA86E54D2CA0D8CCB8 /* fort.png */ = {isa = PBXFileReference; explicitFileType = undefined; fileEncoding = undefined; includeInIndex = 0; lastKnownFileType = unknown; name = fort.png; path = ../src/assets/images/fort.png; sourceTree = "<group>"; };
		7F9F21B27C5E41E7AE0660D4 /* contact2.jpeg */ = {isa = PBXFileReference; explicitFileType = undefined; fileEncoding = undefined; includeInIndex = 0; lastKnownFileType = unknown; name = contact2.jpeg; path = ../src/assets/images/contact2.jpeg; sourceTree = "<group>"; };
		80D953FA8DE240A0B1B94EA2 /* wthree.png */ = {isa = PBXFileReference; explicitFileType = undefined; fileEncoding = undefined; includeInIndex = 0; lastKnownFileType = unknown; name = wthree.png; path = ../src/assets/images/wthree.png; sourceTree = "<group>"; };
		81AB9BB72411601600AC10FF /* LaunchScreen.storyboard */ = {isa = PBXFileReference; fileEncoding = 4; lastKnownFileType = file.storyboard; name = LaunchScreen.storyboard; path = MPTapp/LaunchScreen.storyboard; sourceTree = "<group>"; };
		81C77EB71BEB4AC6A191D068 /* wseven.png */ = {isa = PBXFileReference; explicitFileType = undefined; fileEncoding = undefined; includeInIndex = 0; lastKnownFileType = unknown; name = wseven.png; path = ../src/assets/images/wseven.png; sourceTree = "<group>"; };
		8209A10F45C647B8A3E82EFD /* wfive.png */ = {isa = PBXFileReference; explicitFileType = undefined; fileEncoding = undefined; includeInIndex = 0; lastKnownFileType = unknown; name = wfive.png; path = ../src/assets/images/wfive.png; sourceTree = "<group>"; };
		83CB19B6CA314FCA98CAF417 /* adventure.png */ = {isa = PBXFileReference; explicitFileType = undefined; fileEncoding = undefined; includeInIndex = 0; lastKnownFileType = unknown; name = adventure.png; path = ../src/assets/images/adventure.png; sourceTree = "<group>"; };
		877B124FB91646FA9655D220 /* riverQuila.jpeg */ = {isa = PBXFileReference; explicitFileType = undefined; fileEncoding = undefined; includeInIndex = 0; lastKnownFileType = unknown; name = riverQuila.jpeg; path = ../src/assets/images/riverQuila.jpeg; sourceTree = "<group>"; };
		89C6BE57DB24E9ADA2F236DE /* Pods-MPTapp-MPTappTests.release.xcconfig */ = {isa = PBXFileReference; includeInIndex = 1; lastKnownFileType = text.xcconfig; name = "Pods-MPTapp-MPTappTests.release.xcconfig"; path = "Target Support Files/Pods-MPTapp-MPTappTests/Pods-MPTapp-MPTappTests.release.xcconfig"; sourceTree = "<group>"; };
		9349D9CDEC84400FBA214AEE /* micetwo.jpg */ = {isa = PBXFileReference; explicitFileType = undefined; fileEncoding = undefined; includeInIndex = 0; lastKnownFileType = unknown; name = micetwo.jpg; path = ../src/assets/images/micetwo.jpg; sourceTree = "<group>"; };
		95158AE53EB64695A3C25DD7 /* MPTlogo.png */ = {isa = PBXFileReference; explicitFileType = undefined; fileEncoding = undefined; includeInIndex = 0; lastKnownFileType = unknown; name = MPTlogo.png; path = ../src/assets/images/MPTlogo.png; sourceTree = "<group>"; };
		99D8B23F6C3B4E4D8DFF010D /* food.png */ = {isa = PBXFileReference; explicitFileType = undefined; fileEncoding = undefined; includeInIndex = 0; lastKnownFileType = unknown; name = food.png; path = ../src/assets/images/food.png; sourceTree = "<group>"; };
		A5AB19DA72BA47F9B0DF7CC0 /* tiger.png */ = {isa = PBXFileReference; explicitFileType = undefined; fileEncoding = undefined; includeInIndex = 0; lastKnownFileType = unknown; name = tiger.png; path = ../src/assets/images/tiger.png; sourceTree = "<group>"; };
		AAF099D308B048ABBF60D693 /* tigerExplore.png */ = {isa = PBXFileReference; explicitFileType = undefined; fileEncoding = undefined; includeInIndex = 0; lastKnownFileType = unknown; name = tigerExplore.png; path = ../src/assets/images/tigerExplore.png; sourceTree = "<group>"; };
		B0CE4512B7294DC191C925AB /* explore4.png */ = {isa = PBXFileReference; explicitFileType = undefined; fileEncoding = undefined; includeInIndex = 0; lastKnownFileType = unknown; name = explore4.png; path = ../src/assets/images/explore4.png; sourceTree = "<group>"; };
		B21C6C6BD95B4D42909D2B47 /* covid.jpg */ = {isa = PBXFileReference; explicitFileType = undefined; fileEncoding = undefined; includeInIndex = 0; lastKnownFileType = unknown; name = covid.jpg; path = ../src/assets/images/covid.jpg; sourceTree = "<group>"; };
		B48832EA0A73405B93605810 /* temple.png */ = {isa = PBXFileReference; explicitFileType = undefined; fileEncoding = undefined; includeInIndex = 0; lastKnownFileType = unknown; name = temple.png; path = ../src/assets/images/temple.png; sourceTree = "<group>"; };
		B4DC36CCEDBA4B8F8C4A3146 /* wfour.png */ = {isa = PBXFileReference; explicitFileType = undefined; fileEncoding = undefined; includeInIndex = 0; lastKnownFileType = unknown; name = wfour.png; path = ../src/assets/images/wfour.png; sourceTree = "<group>"; };
		B7E13A6F133B4AB8A753A4E3 /* package.jpeg */ = {isa = PBXFileReference; explicitFileType = undefined; fileEncoding = undefined; includeInIndex = 0; lastKnownFileType = unknown; name = package.jpeg; path = ../src/assets/images/package.jpeg; sourceTree = "<group>"; };
		BFDEA15116664EEB8C52E40B /* Youth-Brush-Daylight.otf */ = {isa = PBXFileReference; explicitFileType = undefined; fileEncoding = undefined; includeInIndex = 0; lastKnownFileType = unknown; name = "Youth-Brush-Daylight.otf"; path = "../src/assets/fonts/Youth-Brush-Daylight.otf"; sourceTree = "<group>"; };
		C541BDF842254EDA8B9C6E03 /* explore3.png */ = {isa = PBXFileReference; explicitFileType = undefined; fileEncoding = undefined; includeInIndex = 0; lastKnownFileType = unknown; name = explore3.png; path = ../src/assets/images/explore3.png; sourceTree = "<group>"; };
		CCD40996A42D4BDA9940E0A7 /* Mp.png */ = {isa = PBXFileReference; explicitFileType = undefined; fileEncoding = undefined; includeInIndex = 0; lastKnownFileType = unknown; name = Mp.png; path = ../src/assets/images/Mp.png; sourceTree = "<group>"; };
		D0F9D028E6CB442F91AD6097 /* weight.png */ = {isa = PBXFileReference; explicitFileType = undefined; fileEncoding = undefined; includeInIndex = 0; lastKnownFileType = unknown; name = weight.png; path = ../src/assets/images/weight.png; sourceTree = "<group>"; };
		D4E3EA8F98E94D00BA32C493 /* wildLife.png */ = {isa = PBXFileReference; explicitFileType = undefined; fileEncoding = undefined; includeInIndex = 0; lastKnownFileType = unknown; name = wildLife.png; path = ../src/assets/images/wildLife.png; sourceTree = "<group>"; };
		DBB1D17F6A5B4FE8802745E7 /* G20theme (1).png */ = {isa = PBXFileReference; explicitFileType = undefined; fileEncoding = undefined; includeInIndex = 0; lastKnownFileType = unknown; name = "G20theme (1).png"; path = "../src/assets/images/G20theme (1).png"; sourceTree = "<group>"; };
		E6E9677ECAF74D3A871AC952 /* story.jpg */ = {isa = PBXFileReference; explicitFileType = undefined; fileEncoding = undefined; includeInIndex = 0; lastKnownFileType = unknown; name = story.jpg; path = ../src/assets/images/story.jpg; sourceTree = "<group>"; };
		E796BC60265C4713B92D7AA3 /* explore1.png */ = {isa = PBXFileReference; explicitFileType = undefined; fileEncoding = undefined; includeInIndex = 0; lastKnownFileType = unknown; name = explore1.png; path = ../src/assets/images/explore1.png; sourceTree = "<group>"; };
		ECB315FC97D34641B9568BAC /* explore2.png */ = {isa = PBXFileReference; explicitFileType = undefined; fileEncoding = undefined; includeInIndex = 0; lastKnownFileType = unknown; name = explore2.png; path = ../src/assets/images/explore2.png; sourceTree = "<group>"; };
		ED297162215061F000B7C4FE /* JavaScriptCore.framework */ = {isa = PBXFileReference; lastKnownFileType = wrapper.framework; name = JavaScriptCore.framework; path = System/Library/Frameworks/JavaScriptCore.framework; sourceTree = SDKROOT; };
		F3EFE2EACE184842836B1DCB /* contact.jpg */ = {isa = PBXFileReference; explicitFileType = undefined; fileEncoding = undefined; includeInIndex = 0; lastKnownFileType = unknown; name = contact.jpg; path = ../src/assets/images/contact.jpg; sourceTree = "<group>"; };
		F86C44D359A64EB8A82B76F7 /* Wellness.jpg */ = {isa = PBXFileReference; explicitFileType = undefined; fileEncoding = undefined; includeInIndex = 0; lastKnownFileType = unknown; name = Wellness.jpg; path = ../src/assets/images/Wellness.jpg; sourceTree = "<group>"; };
		F90A7AA5116E468DA38C8CCB /* budhYatra.png */ = {isa = PBXFileReference; explicitFileType = undefined; fileEncoding = undefined; includeInIndex = 0; lastKnownFileType = unknown; name = budhYatra.png; path = ../src/assets/images/budhYatra.png; sourceTree = "<group>"; };
		F9D06A464DE64C32B6A1B0EC /* heritage.png */ = {isa = PBXFileReference; explicitFileType = undefined; fileEncoding = undefined; includeInIndex = 0; lastKnownFileType = unknown; name = heritage.png; path = ../src/assets/images/heritage.png; sourceTree = "<group>"; };
/* End PBXFileReference section */

/* Begin PBXFrameworksBuildPhase section */
		00E356EB1AD99517003FC87E /* Frameworks */ = {
			isa = PBXFrameworksBuildPhase;
			buildActionMask = 2147483647;
			files = (
				7699B88040F8A987B510C191 /* libPods-MPTapp-MPTappTests.a in Frameworks */,
			);
			runOnlyForDeploymentPostprocessing = 0;
		};
		13B07F8C1A680F5B00A75B9A /* Frameworks */ = {
			isa = PBXFrameworksBuildPhase;
			buildActionMask = 2147483647;
			files = (
				0C80B921A6F3F58F76C31292 /* libPods-MPTapp.a in Frameworks */,
			);
			runOnlyForDeploymentPostprocessing = 0;
		};
/* End PBXFrameworksBuildPhase section */

/* Begin PBXGroup section */
		00E356EF1AD99517003FC87E /* MPTappTests */ = {
			isa = PBXGroup;
			children = (
				00E356F21AD99517003FC87E /* MPTappTests.m */,
				00E356F01AD99517003FC87E /* Supporting Files */,
			);
			path = MPTappTests;
			sourceTree = "<group>";
		};
		00E356F01AD99517003FC87E /* Supporting Files */ = {
			isa = PBXGroup;
			children = (
				00E356F11AD99517003FC87E /* Info.plist */,
			);
			name = "Supporting Files";
			sourceTree = "<group>";
		};
		13B07FAE1A68108700A75B9A /* MPTapp */ = {
			isa = PBXGroup;
			children = (
				13B07FAF1A68108700A75B9A /* AppDelegate.h */,
				13B07FB01A68108700A75B9A /* AppDelegate.mm */,
				13B07FB51A68108700A75B9A /* Images.xcassets */,
				13B07FB61A68108700A75B9A /* Info.plist */,
				81AB9BB72411601600AC10FF /* LaunchScreen.storyboard */,
				13B07FB71A68108700A75B9A /* main.m */,
			);
			name = MPTapp;
			sourceTree = "<group>";
		};
		2D16E6871FA4F8E400B85C8A /* Frameworks */ = {
			isa = PBXGroup;
			children = (
				ED297162215061F000B7C4FE /* JavaScriptCore.framework */,
				5DCACB8F33CDC322A6C60F78 /* libPods-MPTapp.a */,
				19F6CBCC0A4E27FBF8BF4A61 /* libPods-MPTapp-MPTappTests.a */,
			);
			name = Frameworks;
			sourceTree = "<group>";
		};
		832341AE1AAA6A7D00B99B32 /* Libraries */ = {
			isa = PBXGroup;
			children = (
			);
			name = Libraries;
			sourceTree = "<group>";
		};
		83CBB9F61A601CBA00E9B192 = {
			isa = PBXGroup;
			children = (
				13B07FAE1A68108700A75B9A /* MPTapp */,
				832341AE1AAA6A7D00B99B32 /* Libraries */,
				00E356EF1AD99517003FC87E /* MPTappTests */,
				83CBBA001A601CBA00E9B192 /* Products */,
				2D16E6871FA4F8E400B85C8A /* Frameworks */,
				BBD78D7AC51CEA395F1C20DB /* Pods */,
				A6813E6423E74FB0911E7A89 /* Resources */,
			);
			indentWidth = 2;
			sourceTree = "<group>";
			tabWidth = 2;
			usesTabs = 0;
		};
		83CBBA001A601CBA00E9B192 /* Products */ = {
			isa = PBXGroup;
			children = (
				13B07F961A680F5B00A75B9A /* MPTapp.app */,
				00E356EE1AD99517003FC87E /* MPTappTests.xctest */,
			);
			name = Products;
			sourceTree = "<group>";
		};
		A6813E6423E74FB0911E7A89 /* Resources */ = {
			isa = PBXGroup;
			children = (
				BFDEA15116664EEB8C52E40B /* Youth-Brush-Daylight.otf */,
				DBB1D17F6A5B4FE8802745E7 /* G20theme (1).png */,
				12BE73700C1E4F8E8AF6179C /* G20theme.png */,
				31F9534ED3394E54A7F2B99F /* Khajuraho.png */,
				95158AE53EB64695A3C25DD7 /* MPTlogo.png */,
				CCD40996A42D4BDA9940E0A7 /* Mp.png */,
				62BEF39C66E4497092E616D3 /* Pachmarhi.png */,
				F86C44D359A64EB8A82B76F7 /* Wellness.jpg */,
				83CB19B6CA314FCA98CAF417 /* adventure.png */,
				5961D2B4EBCB4AF1B6A4C5F7 /* attractions.jpg */,
				F90A7AA5116E468DA38C8CCB /* budhYatra.png */,
				0A34B3CE64624493A042AEC6 /* caravan.png */,
				F3EFE2EACE184842836B1DCB /* contact.jpg */,
				7F9F21B27C5E41E7AE0660D4 /* contact2.jpeg */,
				566DAD7968724424A2E0FE67 /* contact3.jpeg */,
				B21C6C6BD95B4D42909D2B47 /* covid.jpg */,
				50A0C8D9B99343BD839E16EF /* deer.png */,
				4879E31CEDD149AF977010A8 /* destination.jpg */,
				424569D1FA9345019B91473C /* explore.png */,
				E796BC60265C4713B92D7AA3 /* explore1.png */,
				ECB315FC97D34641B9568BAC /* explore2.png */,
				C541BDF842254EDA8B9C6E03 /* explore3.png */,
				B0CE4512B7294DC191C925AB /* explore4.png */,
				4B3B539284E74BEFA5BD698E /* exploreTiger.png */,
				99D8B23F6C3B4E4D8DFF010D /* food.png */,
				7E9118DA86E54D2CA0D8CCB8 /* fort.png */,
				F9D06A464DE64C32B6A1B0EC /* heritage.png */,
				6F10B97C1812471E8B263AF3 /* images.jpeg */,
				1D8137493D9444AAAC4A8B2E /* img4.jpeg */,
				4B59D3D09F2F49D2BAF582D6 /* micefour.png */,
				4EB6344F52E348C1941CAFE3 /* micethree.jpg */,
				9349D9CDEC84400FBA214AEE /* micetwo.jpg */,
				2082626954C141C4A68E4D0B /* owl.png */,
				B7E13A6F133B4AB8A753A4E3 /* package.jpeg */,
				1497BB3324C74684B3BC385B /* popular.jpeg */,
				877B124FB91646FA9655D220 /* riverQuila.jpeg */,
				2B9E766ADF5240E9AFE37589 /* sqicon.png */,
				E6E9677ECAF74D3A871AC952 /* story.jpg */,
				B48832EA0A73405B93605810 /* temple.png */,
				A5AB19DA72BA47F9B0DF7CC0 /* tiger.png */,
				43AB1E563188473BB8BF3653 /* tiger3.png */,
				AAF099D308B048ABBF60D693 /* tigerExplore.png */,
				40F2EFF48B9547809CBFFE26 /* ujjan.jpeg */,
				712869EE96C741449FA83E42 /* unexplored.jpg */,
				D0F9D028E6CB442F91AD6097 /* weight.png */,
				5A4F6CAFADAE4E28B9B8461B /* wellnesstwo.png */,
				8209A10F45C647B8A3E82EFD /* wfive.png */,
				B4DC36CCEDBA4B8F8C4A3146 /* wfour.png */,
				D4E3EA8F98E94D00BA32C493 /* wildLife.png */,
				81C77EB71BEB4AC6A191D068 /* wseven.png */,
				338F4D494EDA42AB880DC481 /* wsix.png */,
				80D953FA8DE240A0B1B94EA2 /* wthree.png */,
			);
			name = Resources;
			path = "";
			sourceTree = "<group>";
		};
		BBD78D7AC51CEA395F1C20DB /* Pods */ = {
			isa = PBXGroup;
			children = (
				3B4392A12AC88292D35C810B /* Pods-MPTapp.debug.xcconfig */,
				5709B34CF0A7D63546082F79 /* Pods-MPTapp.release.xcconfig */,
				5B7EB9410499542E8C5724F5 /* Pods-MPTapp-MPTappTests.debug.xcconfig */,
				89C6BE57DB24E9ADA2F236DE /* Pods-MPTapp-MPTappTests.release.xcconfig */,
			);
			path = Pods;
			sourceTree = "<group>";
		};
/* End PBXGroup section */

/* Begin PBXNativeTarget section */
		00E356ED1AD99517003FC87E /* MPTappTests */ = {
			isa = PBXNativeTarget;
			buildConfigurationList = 00E357021AD99517003FC87E /* Build configuration list for PBXNativeTarget "MPTappTests" */;
			buildPhases = (
				A55EABD7B0C7F3A422A6CC61 /* [CP] Check Pods Manifest.lock */,
				00E356EA1AD99517003FC87E /* Sources */,
				00E356EB1AD99517003FC87E /* Frameworks */,
				00E356EC1AD99517003FC87E /* Resources */,
				C59DA0FBD6956966B86A3779 /* [CP] Embed Pods Frameworks */,
				F6A41C54EA430FDDC6A6ED99 /* [CP] Copy Pods Resources */,
			);
			buildRules = (
			);
			dependencies = (
				00E356F51AD99517003FC87E /* PBXTargetDependency */,
			);
			name = MPTappTests;
			productName = MPTappTests;
			productReference = 00E356EE1AD99517003FC87E /* MPTappTests.xctest */;
			productType = "com.apple.product-type.bundle.unit-test";
		};
		13B07F861A680F5B00A75B9A /* MPTapp */ = {
			isa = PBXNativeTarget;
			buildConfigurationList = 13B07F931A680F5B00A75B9A /* Build configuration list for PBXNativeTarget "MPTapp" */;
			buildPhases = (
				C38B50BA6285516D6DCD4F65 /* [CP] Check Pods Manifest.lock */,
				FD10A7F022414F080027D42C /* Start Packager */,
				13B07F871A680F5B00A75B9A /* Sources */,
				13B07F8C1A680F5B00A75B9A /* Frameworks */,
				13B07F8E1A680F5B00A75B9A /* Resources */,
				00DD1BFF1BD5951E006B06BC /* Bundle React Native code and images */,
				00EEFC60759A1932668264C0 /* [CP] Embed Pods Frameworks */,
				E235C05ADACE081382539298 /* [CP] Copy Pods Resources */,
			);
			buildRules = (
			);
			dependencies = (
			);
			name = MPTapp;
			productName = MPTapp;
			productReference = 13B07F961A680F5B00A75B9A /* MPTapp.app */;
			productType = "com.apple.product-type.application";
		};
/* End PBXNativeTarget section */

/* Begin PBXProject section */
		83CBB9F71A601CBA00E9B192 /* Project object */ = {
			isa = PBXProject;
			attributes = {
				LastUpgradeCheck = 1210;
				TargetAttributes = {
					00E356ED1AD99517003FC87E = {
						CreatedOnToolsVersion = 6.2;
						TestTargetID = 13B07F861A680F5B00A75B9A;
					};
					13B07F861A680F5B00A75B9A = {
						LastSwiftMigration = 1120;
					};
				};
			};
			buildConfigurationList = 83CBB9FA1A601CBA00E9B192 /* Build configuration list for PBXProject "MPTapp" */;
			compatibilityVersion = "Xcode 12.0";
			developmentRegion = en;
			hasScannedForEncodings = 0;
			knownRegions = (
				en,
				Base,
			);
			mainGroup = 83CBB9F61A601CBA00E9B192;
			productRefGroup = 83CBBA001A601CBA00E9B192 /* Products */;
			projectDirPath = "";
			projectRoot = "";
			targets = (
				13B07F861A680F5B00A75B9A /* MPTapp */,
				00E356ED1AD99517003FC87E /* MPTappTests */,
			);
		};
/* End PBXProject section */

/* Begin PBXResourcesBuildPhase section */
		00E356EC1AD99517003FC87E /* Resources */ = {
			isa = PBXResourcesBuildPhase;
			buildActionMask = 2147483647;
			files = (
			);
			runOnlyForDeploymentPostprocessing = 0;
		};
		13B07F8E1A680F5B00A75B9A /* Resources */ = {
			isa = PBXResourcesBuildPhase;
			buildActionMask = 2147483647;
			files = (
				81AB9BB82411601600AC10FF /* LaunchScreen.storyboard in Resources */,
				13B07FBF1A68108700A75B9A /* Images.xcassets in Resources */,
				B7F0146687994D21B9EF11EA /* Youth-Brush-Daylight.otf in Resources */,
				77691DBCF5E945A2BA8677F0 /* G20theme (1).png in Resources */,
				346EF1B04E4540B6B42D60AD /* G20theme.png in Resources */,
				76D45A4DA987483292AE9CD2 /* Khajuraho.png in Resources */,
				016A25FF69C1423ABEA8C695 /* MPTlogo.png in Resources */,
				C34575163DD74D519A5FAE8F /* Mp.png in Resources */,
				294AA6E6C9094B28AFE53B21 /* Pachmarhi.png in Resources */,
				7D199C355955460FA473C584 /* Wellness.jpg in Resources */,
				5103856AB8414D768E094D8D /* adventure.png in Resources */,
				E874AD9BA01A4503AD6A2621 /* attractions.jpg in Resources */,
				A83FB7B1295446BD88CF91BA /* budhYatra.png in Resources */,
				B0EA26DD071F4C099230C10E /* caravan.png in Resources */,
				2D6D9179580F4D1A9A21873A /* contact.jpg in Resources */,
				AE5FBCE424314E0D950FF54C /* contact2.jpeg in Resources */,
				CDCA3D78CE6F4E7D92E96E47 /* contact3.jpeg in Resources */,
				A08872D345B84A99BFACC3E1 /* covid.jpg in Resources */,
				503CFEADCAAB4E6F9EDA38AA /* deer.png in Resources */,
				CA60F150101747EC872EF6A6 /* destination.jpg in Resources */,
				306044E780C84F61AFBF722C /* explore.png in Resources */,
				7BB2EF5BC43046B38C5755ED /* explore1.png in Resources */,
				8C81F05D49C8470B8DFBAD68 /* explore2.png in Resources */,
				EA1D87664BC34EAB85292883 /* explore3.png in Resources */,
				D49DBC79A6964A60A5C15674 /* explore4.png in Resources */,
				009983164C57421FB17687F5 /* exploreTiger.png in Resources */,
				8204CDDCC4D84CD3A6890D45 /* food.png in Resources */,
				5995C701F34B4F14A5C3D667 /* fort.png in Resources */,
				4C344CE2D89C45EA8D850652 /* heritage.png in Resources */,
				9BC5690DABE94613B8069E27 /* images.jpeg in Resources */,
				F0AFF94A80744A18AF1C68E4 /* img4.jpeg in Resources */,
				BF09FF1E9E5741C593A462B8 /* micefour.png in Resources */,
				713B03F77A9F4AA3ADD43971 /* micethree.jpg in Resources */,
				AD626E292F3C4F1FB9E43B89 /* micetwo.jpg in Resources */,
				8374304D04174D3DA1C37830 /* owl.png in Resources */,
				62FC66CA8213483D8CE0A05A /* package.jpeg in Resources */,
				2F61BEB945404EA7A1D781A8 /* popular.jpeg in Resources */,
				83C05BCFF2ED40A4903562ED /* riverQuila.jpeg in Resources */,
				5B0A5A29922C452D88113248 /* sqicon.png in Resources */,
				2A3A32A649934C2D9008E8D7 /* story.jpg in Resources */,
				62F0C87DC54A49B3B66A0D0F /* temple.png in Resources */,
				1B8923670CB6461B8569C9B8 /* tiger.png in Resources */,
				899EC44C39964F2A83449B63 /* tiger3.png in Resources */,
				49F82E38048D45BB964592CD /* tigerExplore.png in Resources */,
				68D832627EFA4FDDA9865589 /* ujjan.jpeg in Resources */,
				B4540F3BE15D49FD830F48B2 /* unexplored.jpg in Resources */,
				A5182DFAEF1345579BF4EB93 /* weight.png in Resources */,
				5DE20EE28844464FA554386F /* wellnesstwo.png in Resources */,
				3DAAC6508AC742CF89797607 /* wfive.png in Resources */,
				DF58BC67DD16481099CF23F9 /* wfour.png in Resources */,
				48B04E7961D245CA9784B0AB /* wildLife.png in Resources */,
				DDE207F3F0AA44D68125A498 /* wseven.png in Resources */,
				ACAE3B3F9F7546ABAE9FE38C /* wsix.png in Resources */,
				92BBA676509249EFA3A56F02 /* wthree.png in Resources */,
			);
			runOnlyForDeploymentPostprocessing = 0;
		};
/* End PBXResourcesBuildPhase section */

/* Begin PBXShellScriptBuildPhase section */
		00DD1BFF1BD5951E006B06BC /* Bundle React Native code and images */ = {
			isa = PBXShellScriptBuildPhase;
			buildActionMask = 2147483647;
			files = (
			);
			inputPaths = (
				"$(SRCROOT)/.xcode.env.local",
				"$(SRCROOT)/.xcode.env",
			);
			name = "Bundle React Native code and images";
			outputPaths = (
			);
			runOnlyForDeploymentPostprocessing = 0;
			shellPath = /bin/sh;
			shellScript = "set -e\n\nWITH_ENVIRONMENT=\"../node_modules/react-native/scripts/xcode/with-environment.sh\"\nREACT_NATIVE_XCODE=\"../node_modules/react-native/scripts/react-native-xcode.sh\"\n\n/bin/sh -c \"$WITH_ENVIRONMENT $REACT_NATIVE_XCODE\"\n";
		};
		00EEFC60759A1932668264C0 /* [CP] Embed Pods Frameworks */ = {
			isa = PBXShellScriptBuildPhase;
			buildActionMask = 2147483647;
			files = (
			);
			inputFileListPaths = (
				"${PODS_ROOT}/Target Support Files/Pods-MPTapp/Pods-MPTapp-frameworks-${CONFIGURATION}-input-files.xcfilelist",
			);
			name = "[CP] Embed Pods Frameworks";
			outputFileListPaths = (
				"${PODS_ROOT}/Target Support Files/Pods-MPTapp/Pods-MPTapp-frameworks-${CONFIGURATION}-output-files.xcfilelist",
			);
			runOnlyForDeploymentPostprocessing = 0;
			shellPath = /bin/sh;
			shellScript = "\"${PODS_ROOT}/Target Support Files/Pods-MPTapp/Pods-MPTapp-frameworks.sh\"\n";
			showEnvVarsInLog = 0;
		};
		A55EABD7B0C7F3A422A6CC61 /* [CP] Check Pods Manifest.lock */ = {
			isa = PBXShellScriptBuildPhase;
			buildActionMask = 2147483647;
			files = (
			);
			inputFileListPaths = (
			);
			inputPaths = (
				"${PODS_PODFILE_DIR_PATH}/Podfile.lock",
				"${PODS_ROOT}/Manifest.lock",
			);
			name = "[CP] Check Pods Manifest.lock";
			outputFileListPaths = (
			);
			outputPaths = (
				"$(DERIVED_FILE_DIR)/Pods-MPTapp-MPTappTests-checkManifestLockResult.txt",
			);
			runOnlyForDeploymentPostprocessing = 0;
			shellPath = /bin/sh;
			shellScript = "diff \"${PODS_PODFILE_DIR_PATH}/Podfile.lock\" \"${PODS_ROOT}/Manifest.lock\" > /dev/null\nif [ $? != 0 ] ; then\n    # print error to STDERR\n    echo \"error: The sandbox is not in sync with the Podfile.lock. Run 'pod install' or update your CocoaPods installation.\" >&2\n    exit 1\nfi\n# This output is used by Xcode 'outputs' to avoid re-running this script phase.\necho \"SUCCESS\" > \"${SCRIPT_OUTPUT_FILE_0}\"\n";
			showEnvVarsInLog = 0;
		};
		C38B50BA6285516D6DCD4F65 /* [CP] Check Pods Manifest.lock */ = {
			isa = PBXShellScriptBuildPhase;
			buildActionMask = 2147483647;
			files = (
			);
			inputFileListPaths = (
			);
			inputPaths = (
				"${PODS_PODFILE_DIR_PATH}/Podfile.lock",
				"${PODS_ROOT}/Manifest.lock",
			);
			name = "[CP] Check Pods Manifest.lock";
			outputFileListPaths = (
			);
			outputPaths = (
				"$(DERIVED_FILE_DIR)/Pods-MPTapp-checkManifestLockResult.txt",
			);
			runOnlyForDeploymentPostprocessing = 0;
			shellPath = /bin/sh;
			shellScript = "diff \"${PODS_PODFILE_DIR_PATH}/Podfile.lock\" \"${PODS_ROOT}/Manifest.lock\" > /dev/null\nif [ $? != 0 ] ; then\n    # print error to STDERR\n    echo \"error: The sandbox is not in sync with the Podfile.lock. Run 'pod install' or update your CocoaPods installation.\" >&2\n    exit 1\nfi\n# This output is used by Xcode 'outputs' to avoid re-running this script phase.\necho \"SUCCESS\" > \"${SCRIPT_OUTPUT_FILE_0}\"\n";
			showEnvVarsInLog = 0;
		};
		C59DA0FBD6956966B86A3779 /* [CP] Embed Pods Frameworks */ = {
			isa = PBXShellScriptBuildPhase;
			buildActionMask = 2147483647;
			files = (
			);
			inputFileListPaths = (
				"${PODS_ROOT}/Target Support Files/Pods-MPTapp-MPTappTests/Pods-MPTapp-MPTappTests-frameworks-${CONFIGURATION}-input-files.xcfilelist",
			);
			name = "[CP] Embed Pods Frameworks";
			outputFileListPaths = (
				"${PODS_ROOT}/Target Support Files/Pods-MPTapp-MPTappTests/Pods-MPTapp-MPTappTests-frameworks-${CONFIGURATION}-output-files.xcfilelist",
			);
			runOnlyForDeploymentPostprocessing = 0;
			shellPath = /bin/sh;
			shellScript = "\"${PODS_ROOT}/Target Support Files/Pods-MPTapp-MPTappTests/Pods-MPTapp-MPTappTests-frameworks.sh\"\n";
			showEnvVarsInLog = 0;
		};
		E235C05ADACE081382539298 /* [CP] Copy Pods Resources */ = {
			isa = PBXShellScriptBuildPhase;
			buildActionMask = 2147483647;
			files = (
			);
			inputFileListPaths = (
				"${PODS_ROOT}/Target Support Files/Pods-MPTapp/Pods-MPTapp-resources-${CONFIGURATION}-input-files.xcfilelist",
			);
			name = "[CP] Copy Pods Resources";
			outputFileListPaths = (
				"${PODS_ROOT}/Target Support Files/Pods-MPTapp/Pods-MPTapp-resources-${CONFIGURATION}-output-files.xcfilelist",
			);
			runOnlyForDeploymentPostprocessing = 0;
			shellPath = /bin/sh;
			shellScript = "\"${PODS_ROOT}/Target Support Files/Pods-MPTapp/Pods-MPTapp-resources.sh\"\n";
			showEnvVarsInLog = 0;
		};
		F6A41C54EA430FDDC6A6ED99 /* [CP] Copy Pods Resources */ = {
			isa = PBXShellScriptBuildPhase;
			buildActionMask = 2147483647;
			files = (
			);
			inputFileListPaths = (
				"${PODS_ROOT}/Target Support Files/Pods-MPTapp-MPTappTests/Pods-MPTapp-MPTappTests-resources-${CONFIGURATION}-input-files.xcfilelist",
			);
			name = "[CP] Copy Pods Resources";
			outputFileListPaths = (
				"${PODS_ROOT}/Target Support Files/Pods-MPTapp-MPTappTests/Pods-MPTapp-MPTappTests-resources-${CONFIGURATION}-output-files.xcfilelist",
			);
			runOnlyForDeploymentPostprocessing = 0;
			shellPath = /bin/sh;
			shellScript = "\"${PODS_ROOT}/Target Support Files/Pods-MPTapp-MPTappTests/Pods-MPTapp-MPTappTests-resources.sh\"\n";
			showEnvVarsInLog = 0;
		};
		FD10A7F022414F080027D42C /* Start Packager */ = {
			isa = PBXShellScriptBuildPhase;
			buildActionMask = 2147483647;
			files = (
			);
			inputFileListPaths = (
			);
			inputPaths = (
			);
			name = "Start Packager";
			outputFileListPaths = (
			);
			outputPaths = (
			);
			runOnlyForDeploymentPostprocessing = 0;
			shellPath = /bin/sh;
			shellScript = "export RCT_METRO_PORT=\"${RCT_METRO_PORT:=8081}\"\necho \"export RCT_METRO_PORT=${RCT_METRO_PORT}\" > \"${SRCROOT}/../node_modules/react-native/scripts/.packager.env\"\nif [ -z \"${RCT_NO_LAUNCH_PACKAGER+xxx}\" ] ; then\n  if nc -w 5 -z localhost ${RCT_METRO_PORT} ; then\n    if ! curl -s \"http://localhost:${RCT_METRO_PORT}/status\" | grep -q \"packager-status:running\" ; then\n      echo \"Port ${RCT_METRO_PORT} already in use, packager is either not running or not running correctly\"\n      exit 2\n    fi\n  else\n    open \"$SRCROOT/../node_modules/react-native/scripts/launchPackager.command\" || echo \"Can't start packager automatically\"\n  fi\nfi\n";
			showEnvVarsInLog = 0;
		};
/* End PBXShellScriptBuildPhase section */

/* Begin PBXSourcesBuildPhase section */
		00E356EA1AD99517003FC87E /* Sources */ = {
			isa = PBXSourcesBuildPhase;
			buildActionMask = 2147483647;
			files = (
				00E356F31AD99517003FC87E /* MPTappTests.m in Sources */,
			);
			runOnlyForDeploymentPostprocessing = 0;
		};
		13B07F871A680F5B00A75B9A /* Sources */ = {
			isa = PBXSourcesBuildPhase;
			buildActionMask = 2147483647;
			files = (
				13B07FBC1A68108700A75B9A /* AppDelegate.mm in Sources */,
				13B07FC11A68108700A75B9A /* main.m in Sources */,
			);
			runOnlyForDeploymentPostprocessing = 0;
		};
/* End PBXSourcesBuildPhase section */

/* Begin PBXTargetDependency section */
		00E356F51AD99517003FC87E /* PBXTargetDependency */ = {
			isa = PBXTargetDependency;
			target = 13B07F861A680F5B00A75B9A /* MPTapp */;
			targetProxy = 00E356F41AD99517003FC87E /* PBXContainerItemProxy */;
		};
/* End PBXTargetDependency section */

/* Begin XCBuildConfiguration section */
		00E356F61AD99517003FC87E /* Debug */ = {
			isa = XCBuildConfiguration;
			baseConfigurationReference = 5B7EB9410499542E8C5724F5 /* Pods-MPTapp-MPTappTests.debug.xcconfig */;
			buildSettings = {
				BUNDLE_LOADER = "$(TEST_HOST)";
				GCC_PREPROCESSOR_DEFINITIONS = (
					"DEBUG=1",
					"$(inherited)",
				);
				INFOPLIST_FILE = MPTappTests/Info.plist;
				IPHONEOS_DEPLOYMENT_TARGET = 12.4;
				LD_RUNPATH_SEARCH_PATHS = (
					"$(inherited)",
					"@executable_path/Frameworks",
					"@loader_path/Frameworks",
				);
				OTHER_LDFLAGS = (
					"-ObjC",
					"-lc++",
					"$(inherited)",
				);
				PRODUCT_BUNDLE_IDENTIFIER = "org.reactjs.native.example.$(PRODUCT_NAME:rfc1034identifier)";
				PRODUCT_NAME = "$(TARGET_NAME)";
				TEST_HOST = "$(BUILT_PRODUCTS_DIR)/MPTapp.app/MPTapp";
			};
			name = Debug;
		};
		00E356F71AD99517003FC87E /* Release */ = {
			isa = XCBuildConfiguration;
			baseConfigurationReference = 89C6BE57DB24E9ADA2F236DE /* Pods-MPTapp-MPTappTests.release.xcconfig */;
			buildSettings = {
				BUNDLE_LOADER = "$(TEST_HOST)";
				COPY_PHASE_STRIP = NO;
				INFOPLIST_FILE = MPTappTests/Info.plist;
				IPHONEOS_DEPLOYMENT_TARGET = 12.4;
				LD_RUNPATH_SEARCH_PATHS = (
					"$(inherited)",
					"@executable_path/Frameworks",
					"@loader_path/Frameworks",
				);
				OTHER_LDFLAGS = (
					"-ObjC",
					"-lc++",
					"$(inherited)",
				);
				PRODUCT_BUNDLE_IDENTIFIER = "org.reactjs.native.example.$(PRODUCT_NAME:rfc1034identifier)";
				PRODUCT_NAME = "$(TARGET_NAME)";
				TEST_HOST = "$(BUILT_PRODUCTS_DIR)/MPTapp.app/MPTapp";
			};
			name = Release;
		};
		13B07F941A680F5B00A75B9A /* Debug */ = {
			isa = XCBuildConfiguration;
			baseConfigurationReference = 3B4392A12AC88292D35C810B /* Pods-MPTapp.debug.xcconfig */;
			buildSettings = {
				ASSETCATALOG_COMPILER_APPICON_NAME = AppIcon;
				CLANG_ENABLE_MODULES = YES;
				CURRENT_PROJECT_VERSION = 1;
				DEVELOPMENT_TEAM = 659587Z9P9;
				ENABLE_BITCODE = NO;
				INFOPLIST_FILE = MPTapp/Info.plist;
				LD_RUNPATH_SEARCH_PATHS = (
					"$(inherited)",
					"@executable_path/Frameworks",
				);
				MARKETING_VERSION = 1.0;
				OTHER_LDFLAGS = (
					"$(inherited)",
					"-ObjC",
					"-lc++",
				);
				PRODUCT_BUNDLE_IDENTIFIER = "org.reactjs.native.example.$(PRODUCT_NAME:rfc1034identifier)";
				PRODUCT_NAME = MPTapp;
				SWIFT_OPTIMIZATION_LEVEL = "-Onone";
				SWIFT_VERSION = 5.0;
				VERSIONING_SYSTEM = "apple-generic";
			};
			name = Debug;
		};
		13B07F951A680F5B00A75B9A /* Release */ = {
			isa = XCBuildConfiguration;
			baseConfigurationReference = 5709B34CF0A7D63546082F79 /* Pods-MPTapp.release.xcconfig */;
			buildSettings = {
				ASSETCATALOG_COMPILER_APPICON_NAME = AppIcon;
				CLANG_ENABLE_MODULES = YES;
				CURRENT_PROJECT_VERSION = 1;
				DEVELOPMENT_TEAM = 659587Z9P9;
				INFOPLIST_FILE = MPTapp/Info.plist;
				LD_RUNPATH_SEARCH_PATHS = (
					"$(inherited)",
					"@executable_path/Frameworks",
				);
				MARKETING_VERSION = 1.0;
				OTHER_LDFLAGS = (
					"$(inherited)",
					"-ObjC",
					"-lc++",
				);
				PRODUCT_BUNDLE_IDENTIFIER = "org.reactjs.native.example.$(PRODUCT_NAME:rfc1034identifier)";
				PRODUCT_NAME = MPTapp;
				SWIFT_VERSION = 5.0;
				VERSIONING_SYSTEM = "apple-generic";
			};
			name = Release;
		};
		83CBBA201A601CBA00E9B192 /* Debug */ = {
			isa = XCBuildConfiguration;
			buildSettings = {
				ALWAYS_SEARCH_USER_PATHS = NO;
				CLANG_ANALYZER_LOCALIZABILITY_NONLOCALIZED = YES;
				CLANG_CXX_LANGUAGE_STANDARD = "c++17";
				CLANG_CXX_LIBRARY = "libc++";
				CLANG_ENABLE_MODULES = YES;
				CLANG_ENABLE_OBJC_ARC = YES;
				CLANG_WARN_BLOCK_CAPTURE_AUTORELEASING = YES;
				CLANG_WARN_BOOL_CONVERSION = YES;
				CLANG_WARN_COMMA = YES;
				CLANG_WARN_CONSTANT_CONVERSION = YES;
				CLANG_WARN_DEPRECATED_OBJC_IMPLEMENTATIONS = YES;
				CLANG_WARN_DIRECT_OBJC_ISA_USAGE = YES_ERROR;
				CLANG_WARN_EMPTY_BODY = YES;
				CLANG_WARN_ENUM_CONVERSION = YES;
				CLANG_WARN_INFINITE_RECURSION = YES;
				CLANG_WARN_INT_CONVERSION = YES;
				CLANG_WARN_NON_LITERAL_NULL_CONVERSION = YES;
				CLANG_WARN_OBJC_IMPLICIT_RETAIN_SELF = YES;
				CLANG_WARN_OBJC_LITERAL_CONVERSION = YES;
				CLANG_WARN_OBJC_ROOT_CLASS = YES_ERROR;
				CLANG_WARN_QUOTED_INCLUDE_IN_FRAMEWORK_HEADER = YES;
				CLANG_WARN_RANGE_LOOP_ANALYSIS = YES;
				CLANG_WARN_STRICT_PROTOTYPES = YES;
				CLANG_WARN_SUSPICIOUS_MOVE = YES;
				CLANG_WARN_UNREACHABLE_CODE = YES;
				CLANG_WARN__DUPLICATE_METHOD_MATCH = YES;
				"CODE_SIGN_IDENTITY[sdk=iphoneos*]" = "iPhone Developer";
				COPY_PHASE_STRIP = NO;
				ENABLE_STRICT_OBJC_MSGSEND = YES;
				ENABLE_TESTABILITY = YES;
				"EXCLUDED_ARCHS[sdk=iphonesimulator*]" = i386;
				GCC_C_LANGUAGE_STANDARD = gnu99;
				GCC_DYNAMIC_NO_PIC = NO;
				GCC_NO_COMMON_BLOCKS = YES;
				GCC_OPTIMIZATION_LEVEL = 0;
				GCC_PREPROCESSOR_DEFINITIONS = (
					"DEBUG=1",
					"$(inherited)",
				);
				GCC_SYMBOLS_PRIVATE_EXTERN = NO;
				GCC_WARN_64_TO_32_BIT_CONVERSION = YES;
				GCC_WARN_ABOUT_RETURN_TYPE = YES_ERROR;
				GCC_WARN_UNDECLARED_SELECTOR = YES;
				GCC_WARN_UNINITIALIZED_AUTOS = YES_AGGRESSIVE;
				GCC_WARN_UNUSED_FUNCTION = YES;
				GCC_WARN_UNUSED_VARIABLE = YES;
				IPHONEOS_DEPLOYMENT_TARGET = 12.4;
				LD_RUNPATH_SEARCH_PATHS = (
					/usr/lib/swift,
					"$(inherited)",
				);
				LIBRARY_SEARCH_PATHS = (
					"\"$(SDKROOT)/usr/lib/swift\"",
					"\"$(TOOLCHAIN_DIR)/usr/lib/swift/$(PLATFORM_NAME)\"",
					"\"$(inherited)\"",
				);
				MTL_ENABLE_DEBUG_INFO = YES;
				ONLY_ACTIVE_ARCH = YES;
				OTHER_CPLUSPLUSFLAGS = (
					"$(OTHER_CFLAGS)",
					"-DFOLLY_NO_CONFIG",
					"-DFOLLY_MOBILE=1",
					"-DFOLLY_USE_LIBCPP=1",
				);
				REACT_NATIVE_PATH = "${PODS_ROOT}/../../node_modules/react-native";
				SDKROOT = iphoneos;
			};
			name = Debug;
		};
		83CBBA211A601CBA00E9B192 /* Release */ = {
			isa = XCBuildConfiguration;
			buildSettings = {
				ALWAYS_SEARCH_USER_PATHS = NO;
				CLANG_ANALYZER_LOCALIZABILITY_NONLOCALIZED = YES;
				CLANG_CXX_LANGUAGE_STANDARD = "c++17";
				CLANG_CXX_LIBRARY = "libc++";
				CLANG_ENABLE_MODULES = YES;
				CLANG_ENABLE_OBJC_ARC = YES;
				CLANG_WARN_BLOCK_CAPTURE_AUTORELEASING = YES;
				CLANG_WARN_BOOL_CONVERSION = YES;
				CLANG_WARN_COMMA = YES;
				CLANG_WARN_CONSTANT_CONVERSION = YES;
				CLANG_WARN_DEPRECATED_OBJC_IMPLEMENTATIONS = YES;
				CLANG_WARN_DIRECT_OBJC_ISA_USAGE = YES_ERROR;
				CLANG_WARN_EMPTY_BODY = YES;
				CLANG_WARN_ENUM_CONVERSION = YES;
				CLANG_WARN_INFINITE_RECURSION = YES;
				CLANG_WARN_INT_CONVERSION = YES;
				CLANG_WARN_NON_LITERAL_NULL_CONVERSION = YES;
				CLANG_WARN_OBJC_IMPLICIT_RETAIN_SELF = YES;
				CLANG_WARN_OBJC_LITERAL_CONVERSION = YES;
				CLANG_WARN_OBJC_ROOT_CLASS = YES_ERROR;
				CLANG_WARN_QUOTED_INCLUDE_IN_FRAMEWORK_HEADER = YES;
				CLANG_WARN_RANGE_LOOP_ANALYSIS = YES;
				CLANG_WARN_STRICT_PROTOTYPES = YES;
				CLANG_WARN_SUSPICIOUS_MOVE = YES;
				CLANG_WARN_UNREACHABLE_CODE = YES;
				CLANG_WARN__DUPLICATE_METHOD_MATCH = YES;
				"CODE_SIGN_IDENTITY[sdk=iphoneos*]" = "iPhone Developer";
				COPY_PHASE_STRIP = YES;
				ENABLE_NS_ASSERTIONS = NO;
				ENABLE_STRICT_OBJC_MSGSEND = YES;
				"EXCLUDED_ARCHS[sdk=iphonesimulator*]" = i386;
				GCC_C_LANGUAGE_STANDARD = gnu99;
				GCC_NO_COMMON_BLOCKS = YES;
				GCC_WARN_64_TO_32_BIT_CONVERSION = YES;
				GCC_WARN_ABOUT_RETURN_TYPE = YES_ERROR;
				GCC_WARN_UNDECLARED_SELECTOR = YES;
				GCC_WARN_UNINITIALIZED_AUTOS = YES_AGGRESSIVE;
				GCC_WARN_UNUSED_FUNCTION = YES;
				GCC_WARN_UNUSED_VARIABLE = YES;
				IPHONEOS_DEPLOYMENT_TARGET = 12.4;
				LD_RUNPATH_SEARCH_PATHS = (
					/usr/lib/swift,
					"$(inherited)",
				);
				LIBRARY_SEARCH_PATHS = (
					"\"$(SDKROOT)/usr/lib/swift\"",
					"\"$(TOOLCHAIN_DIR)/usr/lib/swift/$(PLATFORM_NAME)\"",
					"\"$(inherited)\"",
				);
				MTL_ENABLE_DEBUG_INFO = NO;
				OTHER_CPLUSPLUSFLAGS = (
					"$(OTHER_CFLAGS)",
					"-DFOLLY_NO_CONFIG",
					"-DFOLLY_MOBILE=1",
					"-DFOLLY_USE_LIBCPP=1",
				);
				REACT_NATIVE_PATH = "${PODS_ROOT}/../../node_modules/react-native";
				SDKROOT = iphoneos;
				VALIDATE_PRODUCT = YES;
			};
			name = Release;
		};
/* End XCBuildConfiguration section */

/* Begin XCConfigurationList section */
		00E357021AD99517003FC87E /* Build configuration list for PBXNativeTarget "MPTappTests" */ = {
			isa = XCConfigurationList;
			buildConfigurations = (
				00E356F61AD99517003FC87E /* Debug */,
				00E356F71AD99517003FC87E /* Release */,
			);
			defaultConfigurationIsVisible = 0;
			defaultConfigurationName = Release;
		};
		13B07F931A680F5B00A75B9A /* Build configuration list for PBXNativeTarget "MPTapp" */ = {
			isa = XCConfigurationList;
			buildConfigurations = (
				13B07F941A680F5B00A75B9A /* Debug */,
				13B07F951A680F5B00A75B9A /* Release */,
			);
			defaultConfigurationIsVisible = 0;
			defaultConfigurationName = Release;
		};
		83CBB9FA1A601CBA00E9B192 /* Build configuration list for PBXProject "MPTapp" */ = {
			isa = XCConfigurationList;
			buildConfigurations = (
				83CBBA201A601CBA00E9B192 /* Debug */,
				83CBBA211A601CBA00E9B192 /* Release */,
			);
			defaultConfigurationIsVisible = 0;
			defaultConfigurationName = Release;
		};
/* End XCConfigurationList section */
	};
	rootObject = 83CBB9F71A601CBA00E9B192 /* Project object */;
}
